
Microsoft Visual Studio Solution File, Format Version 12.00
# Visual Studio Version 16
VisualStudioVersion = 16.0.33927.289
MinimumVisualStudioVersion = 10.0.40219.1
Project("{FAE04EC0-301F-11D3-BF4B-00C04F79EFBC}") = "pr 5 z2", "pr 5 z2\pr 5 z2.csproj", "{20751F70-809D-4FAC-B5FD-4988A76781F5}"
EndProject
Global
	GlobalSection(SolutionConfigurationPlatforms) = preSolution
		Debug|Any CPU = Debug|Any CPU
		Release|Any CPU = Release|Any CPU
	EndGlobalSection
	GlobalSection(ProjectConfigurationPlatforms) = postSolution
		{20751F70-809D-4FAC-B5FD-4988A76781F5}.Debug|Any CPU.ActiveCfg = Debug|Any CPU
		{20751F70-809D-4FAC-B5FD-4988A76781F5}.Debug|Any CPU.Build.0 = Debug|Any CPU
		{20751F70-809D-4FAC-B5FD-4988A76781F5}.Release|Any CPU.ActiveCfg = Release|Any CPU
		{20751F70-809D-4FAC-B5FD-4988A76781F5}.Release|Any CPU.Build.0 = Release|Any CPU
	EndGlobalSection
	GlobalSection(SolutionProperties) = preSolution
		HideSolutionNode = FALSE
	EndGlobalSection
	GlobalSection(ExtensibilityGlobals) = postSolution
		SolutionGuid = {09B27DDB-7FD0-4161-A718-B1DD2DA5F7AA}
	EndGlobalSection
EndGlobal
